
Microsoft Visual Studio Solution File, Format Version 12.00
# Visual Studio Version 17
VisualStudioVersion = 17.3.32929.385
MinimumVisualStudioVersion = 10.0.40219.1
Project("{FAE04EC0-301F-11D3-BF4B-00C04F79EFBC}") = "Крестики нолики", "Крестики нолики.csproj", "{22FEBFD6-BC86-4442-953E-5508BCE8CA1F}"
EndProject
Global
	GlobalSection(SolutionConfigurationPlatforms) = preSolution
		Debug|Any CPU = Debug|Any CPU
		Release|Any CPU = Release|Any CPU
	EndGlobalSection
	GlobalSection(ProjectConfigurationPlatforms) = postSolution
		{22FEBFD6-BC86-4442-953E-5508BCE8CA1F}.Debug|Any CPU.ActiveCfg = Debug|Any CPU
		{22FEBFD6-BC86-4442-953E-5508BCE8CA1F}.Debug|Any CPU.Build.0 = Debug|Any CPU
		{22FEBFD6-BC86-4442-953E-5508BCE8CA1F}.Release|Any CPU.ActiveCfg = Release|Any CPU
		{22FEBFD6-BC86-4442-953E-5508BCE8CA1F}.Release|Any CPU.Build.0 = Release|Any CPU
	EndGlobalSection
	GlobalSection(SolutionProperties) = preSolution
		HideSolutionNode = FALSE
	EndGlobalSection
	GlobalSection(ExtensibilityGlobals) = postSolution
		SolutionGuid = {D65D8CC5-CA40-40F2-8B41-DE8061AD558D}
	EndGlobalSection
EndGlobal
